
Microsoft Visual Studio Solution File, Format Version 12.00
# Visual Studio Version 16
VisualStudioVersion = 16.0.29215.179
MinimumVisualStudioVersion = 10.0.40219.1
Project("{8BC9CEB8-8B4A-11D0-8D11-00A0C91BC942}") = "FiveCardHoldEm", "FiveCardHoldEm\FiveCardHoldEm.vcxproj", "{BA087ADC-5128-47E0-B6FB-6C64F6798658}"
EndProject
Global
	GlobalSection(SolutionConfigurationPlatforms) = preSolution
		Debug|x64 = Debug|x64
		Debug|x86 = Debug|x86
		Release|x64 = Release|x64
		Release|x86 = Release|x86
	EndGlobalSection
	GlobalSection(ProjectConfigurationPlatforms) = postSolution
		{BA087ADC-5128-47E0-B6FB-6C64F6798658}.Debug|x64.ActiveCfg = Debug|x64
		{BA087ADC-5128-47E0-B6FB-6C64F6798658}.Debug|x64.Build.0 = Debug|x64
		{BA087ADC-5128-47E0-B6FB-6C64F6798658}.Debug|x86.ActiveCfg = Debug|Win32
		{BA087ADC-5128-47E0-B6FB-6C64F6798658}.Debug|x86.Build.0 = Debug|Win32
		{BA087ADC-5128-47E0-B6FB-6C64F6798658}.Release|x64.ActiveCfg = Release|x64
		{BA087ADC-5128-47E0-B6FB-6C64F6798658}.Release|x64.Build.0 = Release|x64
		{BA087ADC-5128-47E0-B6FB-6C64F6798658}.Release|x86.ActiveCfg = Release|Win32
		{BA087ADC-5128-47E0-B6FB-6C64F6798658}.Release|x86.Build.0 = Release|Win32
	EndGlobalSection
	GlobalSection(SolutionProperties) = preSolution
		HideSolutionNode = FALSE
	EndGlobalSection
	GlobalSection(ExtensibilityGlobals) = postSolution
		SolutionGuid = {AA3A87F1-F677-4CEA-840F-5FC281A7A938}
	EndGlobalSection
EndGlobal
